github.com/agtorre/gocolorize v1.0.0 h1:TvGQd+fAqWQlDjQxSKe//Y6RaxK+RHpEU9X/zPmHW50=
github.com/agtorre/gocolorize v1.0.0/go.mod h1:cH6imfTkHVBRJhSOeSeEZhB4zqEYSq0sXuIyehgZMIY=
github.com/hprose/hprose-golang v2.0.4+incompatible h1:xUZLSShgv5+KCfK3RCsac8DyWKxBPt9hH3KK3TA1f0c=
github.com/hprose/hprose-golang v2.0.4+incompatible/go.mod h1:FfwwCUQFF3f5t03SrzdSghXVZkC01uEJS6Xwzcz0NOo=
github.com/panjjo/log4go v0.0.0-20161217074253-5bde1464d311 h1:JHhBHReQwr5E+WOCZb+8ManfZqGfNIcKnDxjxtZRBsQ=
github.com/panjjo/log4go v0.0.0-20161217074253-5bde1464d311/go.mod h1:z6qSWwFYCtf8U5VX9Qudejb/32IZXAIyevxuxx3SZTU=
golang.org/x/crypto v0.0.0-20181025213731-e84da0312774 h1:a4tQYYYuK9QdeO/+kEvNYyuR21S+7ve5EANok6hABhI=
golang.org/x/crypto v0.0.0-20181025213731-e84da0312774/go.mod h1:6SG95UA2DQfeDnfUPMdvaQW0Q7yPrPDi9nlGo2tz2b4=
gopkg.in/mgo.v2 v2.0.0-20180705113604-9856a29383ce h1:xcEWjVhvbDy+nHP67nPDDpbYrY+ILlfndk4bRioVHaU=
gopkg.in/mgo.v2 v2.0.0-20180705113604-9856a29383ce/go.mod h1:yeKp02qBN3iKW1OzL3MGk2IdtZzaj7SFntXj72NppTA=
gopkg.in/yaml.v1 v1.0.0-20140924161607-9f9df34309c0 h1:POO/ycCATvegFmVuPpQzZFJ+pGZeX22Ufu6fibxDVjU=
gopkg.in/yaml.v1 v1.0.0-20140924161607-9f9df34309c0/go.mod h1:WDnlLJ4WF5VGsH/HVa3CI79GS0ol3YnhVnKP89i0kNg=
