github.com/agtorre/gocolorize v1.0.0 h1:TvGQd+fAqWQlDjQxSKe//Y6RaxK+RHpEU9X/zPmHW50=
github.com/agtorre/gocolorize v1.0.0/go.mod h1:cH6imfTkHVBRJhSOeSeEZhB4zqEYSq0sXuIyehgZMIY=
github.com/howeyc/fsnotify v0.9.0 h1:0gtV5JmOKH4A8SsFxG2BczSeXWWPvcMT0euZt5gDAxY=
github.com/howeyc/fsnotify v0.9.0/go.mod h1:41HzSPxBGeFRQKEEwgh49TRw/nKBsYZ2cF1OzPjSJsA=
github.com/hprose/hprose-golang v2.0.4+incompatible h1:xUZLSShgv5+KCfK3RCsac8DyWKxBPt9hH3KK3TA1f0c=
github.com/hprose/hprose-golang v2.0.4+incompatible/go.mod h1:FfwwCUQFF3f5t03SrzdSghXVZkC01uEJS6Xwzcz0NOo=
github.com/julienschmidt/httprouter v1.2.0 h1:TDTW5Yz1mjftljbcKqRcrYhd4XeOoI98t+9HbQbYf7g=
github.com/julienschmidt/httprouter v1.2.0/go.mod h1:SYymIcj16QtmaHHD7aYtjjsJG7VTCxuUUipMqKk8s4w=
github.com/kr/pretty v0.1.0 h1:L/CwN0zerZDmRFUapSPitk6f+Q3+0za1rQkzVuMiMFI=
github.com/kr/pretty v0.1.0/go.mod h1:dAy3ld7l9f0ibDNOQOHHMYYIIbhfbHSm3C4ZsoJORNo=
github.com/kr/pty v1.1.1/go.mod h1:pFQYn66WHrOpPYNljwOMqo10TkYh1fy3cYio2l3bCsQ=
github.com/kr/text v0.1.0 h1:45sCR5RtlFHMR4UwH9sdQ5TC8v0qDQCHnXt+kaKSTVE=
github.com/kr/text v0.1.0/go.mod h1:4Jbv+DJW3UT/LiOwJeYQe1efqtUx/iVham/4vfdArNI=
github.com/panjjo/go-config v0.0.0-20161221052437-9f16f7c197bc h1:+c7r2Qp8B0g0Q3H3XsulW7bt4p8kXrbznG3k6thFXIw=
github.com/panjjo/go-config v0.0.0-20161221052437-9f16f7c197bc/go.mod h1:/9K3P1JgkWR8NiAYgcFfOrCUywXprC1h+BmIsZY+wo0=
github.com/panjjo/log4go v0.0.0-20161217074253-5bde1464d311 h1:JHhBHReQwr5E+WOCZb+8ManfZqGfNIcKnDxjxtZRBsQ=
github.com/panjjo/log4go v0.0.0-20161217074253-5bde1464d311/go.mod h1:z6qSWwFYCtf8U5VX9Qudejb/32IZXAIyevxuxx3SZTU=
github.com/panjjo/ppp v0.0.0-20180410005354-1b870bb6599f h1:kK+zX4E9vc5BO0PeMg9LD2k6vQNGFA1oHDUYF+Dqtbc=
github.com/panjjo/ppp v0.0.0-20180410005354-1b870bb6599f/go.mod h1:Bu7hk5lXQKZD4lSRpKxwblJ0tISdPCvFza7Kaop6l0w=
golang.org/x/crypto v0.0.0-20181015023909-0c41d7ab0a0e h1:IzypfodbhbnViNUO/MEh0FzCUooG97cIGfdggUrUSyU=
golang.org/x/crypto v0.0.0-20181015023909-0c41d7ab0a0e/go.mod h1:6SG95UA2DQfeDnfUPMdvaQW0Q7yPrPDi9nlGo2tz2b4=
gopkg.in/check.v1 v0.0.0-20161208181325-20d25e280405/go.mod h1:Co6ibVJAznAaIkqp8huTwlJQCZ016jof/cbN4VW5Yz0=
gopkg.in/check.v1 v1.0.0-20180628173108-788fd7840127 h1:qIbj1fsPNlZgppZ+VLlY7N33q108Sa+fhmuc+sWQYwY=
gopkg.in/check.v1 v1.0.0-20180628173108-788fd7840127/go.mod h1:Co6ibVJAznAaIkqp8huTwlJQCZ016jof/cbN4VW5Yz0=
gopkg.in/mgo.v2 v2.0.0-20180705113604-9856a29383ce h1:xcEWjVhvbDy+nHP67nPDDpbYrY+ILlfndk4bRioVHaU=
gopkg.in/mgo.v2 v2.0.0-20180705113604-9856a29383ce/go.mod h1:yeKp02qBN3iKW1OzL3MGk2IdtZzaj7SFntXj72NppTA=
gopkg.in/yaml.v1 v1.0.0-20140924161607-9f9df34309c0 h1:POO/ycCATvegFmVuPpQzZFJ+pGZeX22Ufu6fibxDVjU=
gopkg.in/yaml.v1 v1.0.0-20140924161607-9f9df34309c0/go.mod h1:WDnlLJ4WF5VGsH/HVa3CI79GS0ol3YnhVnKP89i0kNg=
gopkg.in/yaml.v2 v2.2.1 h1:mUhvW9EsL+naU5Q3cakzfE91YhliOondGd6ZrsDBHQE=
gopkg.in/yaml.v2 v2.2.1/go.mod h1:hI93XBmqTisBFMUTm0b8Fm+jr3Dg1NNxqwp+5A1VGuI=
